
Microsoft Visual Studio Solution File, Format Version 11.00
# Visual C++ Express 2010
Project("{8BC9CEB8-8B4A-11D0-8D11-00A0C91BC942}") = "54.调整数组顺序使奇数位于偶数前面", "54.调整数组顺序使奇数位于偶数前面\54.调整数组顺序使奇数位于偶数前面.vcxproj", "{9D49F098-EEA1-40D4-8F80-62A8F392FD09}"
EndProject
Global
	GlobalSection(SolutionConfigurationPlatforms) = preSolution
		Debug|Win32 = Debug|Win32
		Release|Win32 = Release|Win32
	EndGlobalSection
	GlobalSection(ProjectConfigurationPlatforms) = postSolution
		{9D49F098-EEA1-40D4-8F80-62A8F392FD09}.Debug|Win32.ActiveCfg = Debug|Win32
		{9D49F098-EEA1-40D4-8F80-62A8F392FD09}.Debug|Win32.Build.0 = Debug|Win32
		{9D49F098-EEA1-40D4-8F80-62A8F392FD09}.Release|Win32.ActiveCfg = Release|Win32
		{9D49F098-EEA1-40D4-8F80-62A8F392FD09}.Release|Win32.Build.0 = Release|Win32
	EndGlobalSection
	GlobalSection(SolutionProperties) = preSolution
		HideSolutionNode = FALSE
	EndGlobalSection
EndGlobal
