
Microsoft Visual Studio Solution File, Format Version 11.00
# Visual C++ Express 2010
Project("{8BC9CEB8-8B4A-11D0-8D11-00A0C91BC942}") = "13.输入1个链表，输出链表的倒数第k个节点", "13.输入1个链表，输出链表的倒数第k个节点\13.输入1个链表，输出链表的倒数第k个节点.vcxproj", "{C33D818E-63F6-40BC-AEBB-A3E50C8C1FFB}"
EndProject
Global
	GlobalSection(SolutionConfigurationPlatforms) = preSolution
		Debug|Win32 = Debug|Win32
		Release|Win32 = Release|Win32
	EndGlobalSection
	GlobalSection(ProjectConfigurationPlatforms) = postSolution
		{C33D818E-63F6-40BC-AEBB-A3E50C8C1FFB}.Debug|Win32.ActiveCfg = Debug|Win32
		{C33D818E-63F6-40BC-AEBB-A3E50C8C1FFB}.Debug|Win32.Build.0 = Debug|Win32
		{C33D818E-63F6-40BC-AEBB-A3E50C8C1FFB}.Release|Win32.ActiveCfg = Release|Win32
		{C33D818E-63F6-40BC-AEBB-A3E50C8C1FFB}.Release|Win32.Build.0 = Release|Win32
	EndGlobalSection
	GlobalSection(SolutionProperties) = preSolution
		HideSolutionNode = FALSE
	EndGlobalSection
EndGlobal
