
Microsoft Visual Studio Solution File, Format Version 11.00
# Visual C++ Express 2010
Project("{8BC9CEB8-8B4A-11D0-8D11-00A0C91BC942}") = "24.单链表的逆置", "24.单链表的逆置\24.单链表的逆置.vcxproj", "{B9B17E50-4E32-43BC-A3CF-64F977D21121}"
EndProject
Global
	GlobalSection(SolutionConfigurationPlatforms) = preSolution
		Debug|Win32 = Debug|Win32
		Release|Win32 = Release|Win32
	EndGlobalSection
	GlobalSection(ProjectConfigurationPlatforms) = postSolution
		{B9B17E50-4E32-43BC-A3CF-64F977D21121}.Debug|Win32.ActiveCfg = Debug|Win32
		{B9B17E50-4E32-43BC-A3CF-64F977D21121}.Debug|Win32.Build.0 = Debug|Win32
		{B9B17E50-4E32-43BC-A3CF-64F977D21121}.Release|Win32.ActiveCfg = Release|Win32
		{B9B17E50-4E32-43BC-A3CF-64F977D21121}.Release|Win32.Build.0 = Release|Win32
	EndGlobalSection
	GlobalSection(SolutionProperties) = preSolution
		HideSolutionNode = FALSE
	EndGlobalSection
EndGlobal
