
Microsoft Visual Studio Solution File, Format Version 11.00
# Visual C++ Express 2010
Project("{8BC9CEB8-8B4A-11D0-8D11-00A0C91BC942}") = "63.在字符串中删除特定的字符", "63.在字符串中删除特定的字符\63.在字符串中删除特定的字符.vcxproj", "{2A438147-E3CF-42C4-AD95-4DFB18B4D169}"
EndProject
Global
	GlobalSection(SolutionConfigurationPlatforms) = preSolution
		Debug|Win32 = Debug|Win32
		Release|Win32 = Release|Win32
	EndGlobalSection
	GlobalSection(ProjectConfigurationPlatforms) = postSolution
		{2A438147-E3CF-42C4-AD95-4DFB18B4D169}.Debug|Win32.ActiveCfg = Debug|Win32
		{2A438147-E3CF-42C4-AD95-4DFB18B4D169}.Debug|Win32.Build.0 = Debug|Win32
		{2A438147-E3CF-42C4-AD95-4DFB18B4D169}.Release|Win32.ActiveCfg = Release|Win32
		{2A438147-E3CF-42C4-AD95-4DFB18B4D169}.Release|Win32.Build.0 = Release|Win32
	EndGlobalSection
	GlobalSection(SolutionProperties) = preSolution
		HideSolutionNode = FALSE
	EndGlobalSection
EndGlobal
