
Microsoft Visual Studio Solution File, Format Version 11.00
# Visual C++ Express 2010
Project("{8BC9CEB8-8B4A-11D0-8D11-00A0C91BC942}") = "76.复杂链表的复制", "76.复杂链表的复制\76.复杂链表的复制.vcxproj", "{30B0748F-2489-4079-A484-325EC8990E75}"
EndProject
Global
	GlobalSection(SolutionConfigurationPlatforms) = preSolution
		Debug|Win32 = Debug|Win32
		Release|Win32 = Release|Win32
	EndGlobalSection
	GlobalSection(ProjectConfigurationPlatforms) = postSolution
		{30B0748F-2489-4079-A484-325EC8990E75}.Debug|Win32.ActiveCfg = Debug|Win32
		{30B0748F-2489-4079-A484-325EC8990E75}.Debug|Win32.Build.0 = Debug|Win32
		{30B0748F-2489-4079-A484-325EC8990E75}.Release|Win32.ActiveCfg = Release|Win32
		{30B0748F-2489-4079-A484-325EC8990E75}.Release|Win32.Build.0 = Release|Win32
	EndGlobalSection
	GlobalSection(SolutionProperties) = preSolution
		HideSolutionNode = FALSE
	EndGlobalSection
EndGlobal
