
Microsoft Visual Studio Solution File, Format Version 11.00
# Visual C++ Express 2010
Project("{8BC9CEB8-8B4A-11D0-8D11-00A0C91BC942}") = "64.寻找丑数", "64.寻找丑数\64.寻找丑数.vcxproj", "{2676B373-A4C0-40A5-8983-33809F82BC1E}"
EndProject
Global
	GlobalSection(SolutionConfigurationPlatforms) = preSolution
		Debug|Win32 = Debug|Win32
		Release|Win32 = Release|Win32
	EndGlobalSection
	GlobalSection(ProjectConfigurationPlatforms) = postSolution
		{2676B373-A4C0-40A5-8983-33809F82BC1E}.Debug|Win32.ActiveCfg = Debug|Win32
		{2676B373-A4C0-40A5-8983-33809F82BC1E}.Debug|Win32.Build.0 = Debug|Win32
		{2676B373-A4C0-40A5-8983-33809F82BC1E}.Release|Win32.ActiveCfg = Release|Win32
		{2676B373-A4C0-40A5-8983-33809F82BC1E}.Release|Win32.Build.0 = Release|Win32
	EndGlobalSection
	GlobalSection(SolutionProperties) = preSolution
		HideSolutionNode = FALSE
	EndGlobalSection
EndGlobal
