
Microsoft Visual Studio Solution File, Format Version 11.00
# Visual C++ Express 2010
Project("{8BC9CEB8-8B4A-11D0-8D11-00A0C91BC942}") = "29.栈的push和pop序列", "29.栈的push和pop序列\29.栈的push和pop序列.vcxproj", "{EA9656F1-F346-4FEC-B999-0B86C097530F}"
EndProject
Global
	GlobalSection(SolutionConfigurationPlatforms) = preSolution
		Debug|Win32 = Debug|Win32
		Release|Win32 = Release|Win32
	EndGlobalSection
	GlobalSection(ProjectConfigurationPlatforms) = postSolution
		{EA9656F1-F346-4FEC-B999-0B86C097530F}.Debug|Win32.ActiveCfg = Debug|Win32
		{EA9656F1-F346-4FEC-B999-0B86C097530F}.Debug|Win32.Build.0 = Debug|Win32
		{EA9656F1-F346-4FEC-B999-0B86C097530F}.Release|Win32.ActiveCfg = Release|Win32
		{EA9656F1-F346-4FEC-B999-0B86C097530F}.Release|Win32.Build.0 = Release|Win32
	EndGlobalSection
	GlobalSection(SolutionProperties) = preSolution
		HideSolutionNode = FALSE
	EndGlobalSection
EndGlobal
