
Microsoft Visual Studio Solution File, Format Version 11.00
# Visual C++ Express 2010
Project("{8BC9CEB8-8B4A-11D0-8D11-00A0C91BC942}") = "59.不能被继承的c++类", "59.不能被继承的c++类\59.不能被继承的c++类.vcxproj", "{8511CE6B-9BD1-45F8-800C-39AF55CA2B1F}"
EndProject
Global
	GlobalSection(SolutionConfigurationPlatforms) = preSolution
		Debug|Win32 = Debug|Win32
		Release|Win32 = Release|Win32
	EndGlobalSection
	GlobalSection(ProjectConfigurationPlatforms) = postSolution
		{8511CE6B-9BD1-45F8-800C-39AF55CA2B1F}.Debug|Win32.ActiveCfg = Debug|Win32
		{8511CE6B-9BD1-45F8-800C-39AF55CA2B1F}.Debug|Win32.Build.0 = Debug|Win32
		{8511CE6B-9BD1-45F8-800C-39AF55CA2B1F}.Release|Win32.ActiveCfg = Release|Win32
		{8511CE6B-9BD1-45F8-800C-39AF55CA2B1F}.Release|Win32.Build.0 = Release|Win32
	EndGlobalSection
	GlobalSection(SolutionProperties) = preSolution
		HideSolutionNode = FALSE
	EndGlobalSection
EndGlobal
