
Microsoft Visual Studio Solution File, Format Version 11.00
# Visual C++ Express 2010
Project("{8BC9CEB8-8B4A-11D0-8D11-00A0C91BC942}") = "55.最长公共序列", "55.最长公共序列\55.最长公共序列.vcxproj", "{7E6CE405-C532-491F-89F3-2560F09DD8BD}"
EndProject
Global
	GlobalSection(SolutionConfigurationPlatforms) = preSolution
		Debug|Win32 = Debug|Win32
		Release|Win32 = Release|Win32
	EndGlobalSection
	GlobalSection(ProjectConfigurationPlatforms) = postSolution
		{7E6CE405-C532-491F-89F3-2560F09DD8BD}.Debug|Win32.ActiveCfg = Debug|Win32
		{7E6CE405-C532-491F-89F3-2560F09DD8BD}.Debug|Win32.Build.0 = Debug|Win32
		{7E6CE405-C532-491F-89F3-2560F09DD8BD}.Release|Win32.ActiveCfg = Release|Win32
		{7E6CE405-C532-491F-89F3-2560F09DD8BD}.Release|Win32.Build.0 = Release|Win32
	EndGlobalSection
	GlobalSection(SolutionProperties) = preSolution
		HideSolutionNode = FALSE
	EndGlobalSection
EndGlobal
