
Microsoft Visual Studio Solution File, Format Version 11.00
# Visual C++ Express 2010
Project("{8BC9CEB8-8B4A-11D0-8D11-00A0C91BC942}") = "写一个名为my2DAlloc的函数", "写一个名为my2DAlloc的函数\写一个名为my2DAlloc的函数.vcxproj", "{3D7BC7AC-AD63-4CD4-B15B-5E5F4FFAADE0}"
EndProject
Global
	GlobalSection(SolutionConfigurationPlatforms) = preSolution
		Debug|Win32 = Debug|Win32
		Release|Win32 = Release|Win32
	EndGlobalSection
	GlobalSection(ProjectConfigurationPlatforms) = postSolution
		{3D7BC7AC-AD63-4CD4-B15B-5E5F4FFAADE0}.Debug|Win32.ActiveCfg = Debug|Win32
		{3D7BC7AC-AD63-4CD4-B15B-5E5F4FFAADE0}.Debug|Win32.Build.0 = Debug|Win32
		{3D7BC7AC-AD63-4CD4-B15B-5E5F4FFAADE0}.Release|Win32.ActiveCfg = Release|Win32
		{3D7BC7AC-AD63-4CD4-B15B-5E5F4FFAADE0}.Release|Win32.Build.0 = Release|Win32
	EndGlobalSection
	GlobalSection(SolutionProperties) = preSolution
		HideSolutionNode = FALSE
	EndGlobalSection
EndGlobal
