
Microsoft Visual Studio Solution File, Format Version 11.00
# Visual C++ Express 2010
Project("{8BC9CEB8-8B4A-11D0-8D11-00A0C91BC942}") = "谈谈C语言关键字 volatile的意义", "谈谈C语言关键字 volatile的意义\谈谈C语言关键字 volatile的意义.vcxproj", "{A9D9DCD0-5D54-4835-B322-4C256AE60EF6}"
EndProject
Global
	GlobalSection(SolutionConfigurationPlatforms) = preSolution
		Debug|Win32 = Debug|Win32
		Release|Win32 = Release|Win32
	EndGlobalSection
	GlobalSection(ProjectConfigurationPlatforms) = postSolution
		{A9D9DCD0-5D54-4835-B322-4C256AE60EF6}.Debug|Win32.ActiveCfg = Debug|Win32
		{A9D9DCD0-5D54-4835-B322-4C256AE60EF6}.Debug|Win32.Build.0 = Debug|Win32
		{A9D9DCD0-5D54-4835-B322-4C256AE60EF6}.Release|Win32.ActiveCfg = Release|Win32
		{A9D9DCD0-5D54-4835-B322-4C256AE60EF6}.Release|Win32.Build.0 = Release|Win32
	EndGlobalSection
	GlobalSection(SolutionProperties) = preSolution
		HideSolutionNode = FALSE
	EndGlobalSection
EndGlobal
